
Microsoft Visual Studio Solution File, Format Version 12.00
# Visual Studio 2013
VisualStudioVersion = 12.0.40629.0
MinimumVisualStudioVersion = 10.0.40219.1
Project("{8BC9CEB8-8B4A-11D0-8D11-00A0C91BC942}") = "EJERCICIO21TAIS", "EJERCICIO21TAIS\EJERCICIO21TAIS.vcxproj", "{62150D90-B175-479F-BC12-825EFA23316B}"
EndProject
Global
	GlobalSection(SolutionConfigurationPlatforms) = preSolution
		Debug|Win32 = Debug|Win32
		Release|Win32 = Release|Win32
	EndGlobalSection
	GlobalSection(ProjectConfigurationPlatforms) = postSolution
		{62150D90-B175-479F-BC12-825EFA23316B}.Debug|Win32.ActiveCfg = Debug|Win32
		{62150D90-B175-479F-BC12-825EFA23316B}.Debug|Win32.Build.0 = Debug|Win32
		{62150D90-B175-479F-BC12-825EFA23316B}.Release|Win32.ActiveCfg = Release|Win32
		{62150D90-B175-479F-BC12-825EFA23316B}.Release|Win32.Build.0 = Release|Win32
	EndGlobalSection
	GlobalSection(SolutionProperties) = preSolution
		HideSolutionNode = FALSE
	EndGlobalSection
EndGlobal
